
Microsoft Visual Studio Solution File, Format Version 12.00
# Visual Studio 15
VisualStudioVersion = 15.0.27428.2043
MinimumVisualStudioVersion = 10.0.40219.1
Project("{8BC9CEB8-8B4A-11D0-8D11-00A0C91BC942}") = "SoundProject", "SoundProject\SoundProject.vcxproj", "{C80DCE85-22AD-411B-B8FE-ED52B0680A3E}"
EndProject
Global
	GlobalSection(SolutionConfigurationPlatforms) = preSolution
		Debug|Win32 = Debug|Win32
		Release|Win32 = Release|Win32
	EndGlobalSection
	GlobalSection(ProjectConfigurationPlatforms) = postSolution
		{C80DCE85-22AD-411B-B8FE-ED52B0680A3E}.Debug|Win32.ActiveCfg = Debug|Win32
		{C80DCE85-22AD-411B-B8FE-ED52B0680A3E}.Debug|Win32.Build.0 = Debug|Win32
		{C80DCE85-22AD-411B-B8FE-ED52B0680A3E}.Release|Win32.ActiveCfg = Release|Win32
		{C80DCE85-22AD-411B-B8FE-ED52B0680A3E}.Release|Win32.Build.0 = Release|Win32
	EndGlobalSection
	GlobalSection(SolutionProperties) = preSolution
		HideSolutionNode = FALSE
	EndGlobalSection
	GlobalSection(ExtensibilityGlobals) = postSolution
		SolutionGuid = {CBAB45A6-5352-4066-9BB5-8BE70F3DB530}
	EndGlobalSection
EndGlobal
